
Microsoft Visual Studio Solution File, Format Version 12.00
# Visual Studio Version 16
VisualStudioVersion = 16.0.30406.217
MinimumVisualStudioVersion = 10.0.40219.1
Project("{FAE04EC0-301F-11D3-BF4B-00C04F79EFBC}") = "09-Trigger", "09-Trigger\09-Trigger.csproj", "{97CBE427-199A-4C03-B05E-54CF431F9653}"
EndProject
Global
	GlobalSection(SolutionConfigurationPlatforms) = preSolution
		Debug|Any CPU = Debug|Any CPU
		Release|Any CPU = Release|Any CPU
	EndGlobalSection
	GlobalSection(ProjectConfigurationPlatforms) = postSolution
		{97CBE427-199A-4C03-B05E-54CF431F9653}.Debug|Any CPU.ActiveCfg = Debug|Any CPU
		{97CBE427-199A-4C03-B05E-54CF431F9653}.Debug|Any CPU.Build.0 = Debug|Any CPU
		{97CBE427-199A-4C03-B05E-54CF431F9653}.Release|Any CPU.ActiveCfg = Release|Any CPU
		{97CBE427-199A-4C03-B05E-54CF431F9653}.Release|Any CPU.Build.0 = Release|Any CPU
	EndGlobalSection
	GlobalSection(SolutionProperties) = preSolution
		HideSolutionNode = FALSE
	EndGlobalSection
	GlobalSection(ExtensibilityGlobals) = postSolution
		SolutionGuid = {A0DA7BF3-FAA8-4D24-B110-D2D5E7567963}
	EndGlobalSection
EndGlobal
