
Microsoft Visual Studio Solution File, Format Version 12.00
# Visual Studio Version 16
VisualStudioVersion = 16.0.30406.217
MinimumVisualStudioVersion = 10.0.40219.1
Project("{FAE04EC0-301F-11D3-BF4B-00C04F79EFBC}") = "13-Studenti[StoredProcedure]", "13-Studenti[StoredProcedure]\13-Studenti[StoredProcedure].csproj", "{54FB0C67-EECE-44D9-A7AC-51F8A8A60EA6}"
EndProject
Global
	GlobalSection(SolutionConfigurationPlatforms) = preSolution
		Debug|Any CPU = Debug|Any CPU
		Release|Any CPU = Release|Any CPU
	EndGlobalSection
	GlobalSection(ProjectConfigurationPlatforms) = postSolution
		{54FB0C67-EECE-44D9-A7AC-51F8A8A60EA6}.Debug|Any CPU.ActiveCfg = Debug|Any CPU
		{54FB0C67-EECE-44D9-A7AC-51F8A8A60EA6}.Debug|Any CPU.Build.0 = Debug|Any CPU
		{54FB0C67-EECE-44D9-A7AC-51F8A8A60EA6}.Release|Any CPU.ActiveCfg = Release|Any CPU
		{54FB0C67-EECE-44D9-A7AC-51F8A8A60EA6}.Release|Any CPU.Build.0 = Release|Any CPU
	EndGlobalSection
	GlobalSection(SolutionProperties) = preSolution
		HideSolutionNode = FALSE
	EndGlobalSection
	GlobalSection(ExtensibilityGlobals) = postSolution
		SolutionGuid = {FADF0323-ACED-44C5-B3C8-5B8ACD293740}
	EndGlobalSection
EndGlobal
